
Microsoft Visual Studio Solution File, Format Version 12.00
Project("{FAE04EC0-301F-11D3-BF4B-00C04F79EFBC}") = "RandomAlgos", "RandomAlgos\RandomAlgos.csproj", "{A6E0E209-4C24-407C-8F20-9067C550C44D}"
EndProject
Project("{FAE04EC0-301F-11D3-BF4B-00C04F79EFBC}") = "RandomAlgos.Tests", "RandomAlgos.Tests\RandomAlgos.Tests.csproj", "{B4219601-3F3C-4844-8753-848123C19CBF}"
EndProject
Global
	GlobalSection(SolutionConfigurationPlatforms) = preSolution
		Debug|Any CPU = Debug|Any CPU
		Release|Any CPU = Release|Any CPU
	EndGlobalSection
	GlobalSection(ProjectConfigurationPlatforms) = postSolution
		{A6E0E209-4C24-407C-8F20-9067C550C44D}.Debug|Any CPU.ActiveCfg = Debug|Any CPU
		{A6E0E209-4C24-407C-8F20-9067C550C44D}.Debug|Any CPU.Build.0 = Debug|Any CPU
		{A6E0E209-4C24-407C-8F20-9067C550C44D}.Release|Any CPU.ActiveCfg = Release|Any CPU
		{A6E0E209-4C24-407C-8F20-9067C550C44D}.Release|Any CPU.Build.0 = Release|Any CPU
		{B4219601-3F3C-4844-8753-848123C19CBF}.Debug|Any CPU.ActiveCfg = Debug|Any CPU
		{B4219601-3F3C-4844-8753-848123C19CBF}.Debug|Any CPU.Build.0 = Debug|Any CPU
		{B4219601-3F3C-4844-8753-848123C19CBF}.Release|Any CPU.ActiveCfg = Release|Any CPU
		{B4219601-3F3C-4844-8753-848123C19CBF}.Release|Any CPU.Build.0 = Release|Any CPU
	EndGlobalSection
EndGlobal
